// !$*UTF8*$!
{
	archiveVersion = 1;
	classes = {
	};
	objectVersion = 50;
	objects = {

/* Begin PBXBuildFile section */
		91B3AC452369929F002EAF44 /* ModifieAlbumViewController.swift in Sources */ = {isa = PBXBuildFile; fileRef = 91B3AC442369929F002EAF44 /* ModifieAlbumViewController.swift */; };
		91B3C23723688ABB00DBABB6 /* RemoveMediaViewController.swift in Sources */ = {isa = PBXBuildFile; fileRef = 91B3C23623688ABB00DBABB6 /* RemoveMediaViewController.swift */; };
		91B3C23923688DD800DBABB6 /* MediaCollectionViewCell.swift in Sources */ = {isa = PBXBuildFile; fileRef = 91B3C23823688DD800DBABB6 /* MediaCollectionViewCell.swift */; };
		91F2937C2368309E00F90BA9 /* AddMediasViewController.swift in Sources */ = {isa = PBXBuildFile; fileRef = 91F2937B2368309E00F90BA9 /* AddMediasViewController.swift */; };
		91F293822368354300F90BA9 /* MediaManage.swift in Sources */ = {isa = PBXBuildFile; fileRef = 91F293812368354300F90BA9 /* MediaManage.swift */; };
		91F89A5123677DA7008A969A /* AppDelegate.swift in Sources */ = {isa = PBXBuildFile; fileRef = 91F89A5023677DA7008A969A /* AppDelegate.swift */; };
		91F89A5323677DA7008A969A /* SceneDelegate.swift in Sources */ = {isa = PBXBuildFile; fileRef = 91F89A5223677DA7008A969A /* SceneDelegate.swift */; };
		91F89A5823677DA7008A969A /* Main.storyboard in Resources */ = {isa = PBXBuildFile; fileRef = 91F89A5623677DA7008A969A /* Main.storyboard */; };
		91F89A5A23677DAA008A969A /* Assets.xcassets in Resources */ = {isa = PBXBuildFile; fileRef = 91F89A5923677DAA008A969A /* Assets.xcassets */; };
		91F89A5D23677DAA008A969A /* LaunchScreen.storyboard in Resources */ = {isa = PBXBuildFile; fileRef = 91F89A5B23677DAA008A969A /* LaunchScreen.storyboard */; };
		91F89A6823677DAA008A969A /* CustomAlbumActionsTests.swift in Sources */ = {isa = PBXBuildFile; fileRef = 91F89A6723677DAA008A969A /* CustomAlbumActionsTests.swift */; };
		91F89A7723677DFF008A969A /* HomeViewController.swift in Sources */ = {isa = PBXBuildFile; fileRef = 91F89A7623677DFF008A969A /* HomeViewController.swift */; };
		91F89A7923677E70008A969A /* CreatAlbumViewController.swift in Sources */ = {isa = PBXBuildFile; fileRef = 91F89A7823677E70008A969A /* CreatAlbumViewController.swift */; };
		91F89A7B2367808F008A969A /* AlertController.swift in Sources */ = {isa = PBXBuildFile; fileRef = 91F89A7A2367808F008A969A /* AlertController.swift */; };
		91F89A7D236781C3008A969A /* AlbumManager.swift in Sources */ = {isa = PBXBuildFile; fileRef = 91F89A7C236781C3008A969A /* AlbumManager.swift */; };
		91F89A7F236787D1008A969A /* Extensions.swift in Sources */ = {isa = PBXBuildFile; fileRef = 91F89A7E236787D1008A969A /* Extensions.swift */; };
		91F89A8123679509008A969A /* RemoveAlbumViewController.swift in Sources */ = {isa = PBXBuildFile; fileRef = 91F89A8023679509008A969A /* RemoveAlbumViewController.swift */; };
/* End PBXBuildFile section */

/* Begin PBXContainerItemProxy section */
		91F89A6423677DAA008A969A /* PBXContainerItemProxy */ = {
			isa = PBXContainerItemProxy;
			containerPortal = 91F89A4523677DA7008A969A /* Project object */;
			proxyType = 1;
			remoteGlobalIDString = 91F89A4C23677DA7008A969A;
			remoteInfo = CustomAlbumActions;
		};
/* End PBXContainerItemProxy section */

/* Begin PBXFileReference section */
		91B3AC442369929F002EAF44 /* ModifieAlbumViewController.swift */ = {isa = PBXFileReference; lastKnownFileType = sourcecode.swift; path = ModifieAlbumViewController.swift; sourceTree = "<group>"; };
		91B3C23623688ABB00DBABB6 /* RemoveMediaViewController.swift */ = {isa = PBXFileReference; lastKnownFileType = sourcecode.swift; path = RemoveMediaViewController.swift; sourceTree = "<group>"; };
		91B3C23823688DD800DBABB6 /* MediaCollectionViewCell.swift */ = {isa = PBXFileReference; lastKnownFileType = sourcecode.swift; path = MediaCollectionViewCell.swift; sourceTree = "<group>"; };
		91F2937B2368309E00F90BA9 /* AddMediasViewController.swift */ = {isa = PBXFileReference; lastKnownFileType = sourcecode.swift; path = AddMediasViewController.swift; sourceTree = "<group>"; };
		91F293812368354300F90BA9 /* MediaManage.swift */ = {isa = PBXFileReference; lastKnownFileType = sourcecode.swift; path = MediaManage.swift; sourceTree = "<group>"; };
		91F89A4D23677DA7008A969A /* CustomAlbumActions.app */ = {isa = PBXFileReference; explicitFileType = wrapper.application; includeInIndex = 0; path = CustomAlbumActions.app; sourceTree = BUILT_PRODUCTS_DIR; };
		91F89A5023677DA7008A969A /* AppDelegate.swift */ = {isa = PBXFileReference; lastKnownFileType = sourcecode.swift; path = AppDelegate.swift; sourceTree = "<group>"; };
		91F89A5223677DA7008A969A /* SceneDelegate.swift */ = {isa = PBXFileReference; lastKnownFileType = sourcecode.swift; path = SceneDelegate.swift; sourceTree = "<group>"; };
		91F89A5723677DA7008A969A /* Base */ = {isa = PBXFileReference; lastKnownFileType = file.storyboard; name = Base; path = Base.lproj/Main.storyboard; sourceTree = "<group>"; };
		91F89A5923677DAA008A969A /* Assets.xcassets */ = {isa = PBXFileReference; lastKnownFileType = folder.assetcatalog; path = Assets.xcassets; sourceTree = "<group>"; };
		91F89A5C23677DAA008A969A /* Base */ = {isa = PBXFileReference; lastKnownFileType = file.storyboard; name = Base; path = Base.lproj/LaunchScreen.storyboard; sourceTree = "<group>"; };
		91F89A5E23677DAA008A969A /* Info.plist */ = {isa = PBXFileReference; lastKnownFileType = text.plist.xml; path = Info.plist; sourceTree = "<group>"; };
		91F89A6323677DAA008A969A /* CustomAlbumActionsTests.xctest */ = {isa = PBXFileReference; explicitFileType = wrapper.cfbundle; includeInIndex = 0; path = CustomAlbumActionsTests.xctest; sourceTree = BUILT_PRODUCTS_DIR; };
		91F89A6723677DAA008A969A /* CustomAlbumActionsTests.swift */ = {isa = PBXFileReference; lastKnownFileType = sourcecode.swift; path = CustomAlbumActionsTests.swift; sourceTree = "<group>"; };
		91F89A6923677DAA008A969A /* Info.plist */ = {isa = PBXFileReference; lastKnownFileType = text.plist.xml; path = Info.plist; sourceTree = "<group>"; };
		91F89A7623677DFF008A969A /* HomeViewController.swift */ = {isa = PBXFileReference; lastKnownFileType = sourcecode.swift; path = HomeViewController.swift; sourceTree = "<group>"; };
		91F89A7823677E70008A969A /* CreatAlbumViewController.swift */ = {isa = PBXFileReference; lastKnownFileType = sourcecode.swift; path = CreatAlbumViewController.swift; sourceTree = "<group>"; };
		91F89A7A2367808F008A969A /* AlertController.swift */ = {isa = PBXFileReference; lastKnownFileType = sourcecode.swift; path = AlertController.swift; sourceTree = "<group>"; };
		91F89A7C236781C3008A969A /* AlbumManager.swift */ = {isa = PBXFileReference; lastKnownFileType = sourcecode.swift; path = AlbumManager.swift; sourceTree = "<group>"; };
		91F89A7E236787D1008A969A /* Extensions.swift */ = {isa = PBXFileReference; lastKnownFileType = sourcecode.swift; path = Extensions.swift; sourceTree = "<group>"; };
		91F89A8023679509008A969A /* RemoveAlbumViewController.swift */ = {isa = PBXFileReference; lastKnownFileType = sourcecode.swift; path = RemoveAlbumViewController.swift; sourceTree = "<group>"; };
/* End PBXFileReference section */

/* Begin PBXFrameworksBuildPhase section */
		91F89A4A23677DA7008A969A /* Frameworks */ = {
			isa = PBXFrameworksBuildPhase;
			buildActionMask = 2147483647;
			files = (
			);
			runOnlyForDeploymentPostprocessing = 0;
		};
		91F89A6023677DAA008A969A /* Frameworks */ = {
			isa = PBXFrameworksBuildPhase;
			buildActionMask = 2147483647;
			files = (
			);
			runOnlyForDeploymentPostprocessing = 0;
		};
/* End PBXFrameworksBuildPhase section */

/* Begin PBXGroup section */
		91F2937D2368351600F90BA9 /* Alerts */ = {
			isa = PBXGroup;
			children = (
				91F89A7A2367808F008A969A /* AlertController.swift */,
			);
			path = Alerts;
			sourceTree = "<group>";
		};
		91F2937E2368351F00F90BA9 /* Extensions */ = {
			isa = PBXGroup;
			children = (
				91F89A7E236787D1008A969A /* Extensions.swift */,
			);
			path = Extensions;
			sourceTree = "<group>";
		};
		91F2937F2368352900F90BA9 /* AlbumManager */ = {
			isa = PBXGroup;
			children = (
				91F89A7C236781C3008A969A /* AlbumManager.swift */,
			);
			path = AlbumManager;
			sourceTree = "<group>";
		};
		91F293802368353400F90BA9 /* MediaManager */ = {
			isa = PBXGroup;
			children = (
				91F293812368354300F90BA9 /* MediaManage.swift */,
			);
			path = MediaManager;
			sourceTree = "<group>";
		};
		91F89A4423677DA7008A969A = {
			isa = PBXGroup;
			children = (
				91F89A4F23677DA7008A969A /* CustomAlbumActions */,
				91F89A6623677DAA008A969A /* CustomAlbumActionsTests */,
				91F89A4E23677DA7008A969A /* Products */,
			);
			sourceTree = "<group>";
		};
		91F89A4E23677DA7008A969A /* Products */ = {
			isa = PBXGroup;
			children = (
				91F89A4D23677DA7008A969A /* CustomAlbumActions.app */,
				91F89A6323677DAA008A969A /* CustomAlbumActionsTests.xctest */,
			);
			name = Products;
			sourceTree = "<group>";
		};
		91F89A4F23677DA7008A969A /* CustomAlbumActions */ = {
			isa = PBXGroup;
			children = (
				91F89A7523677DDB008A969A /* Model */,
				91F89A7423677DD4008A969A /* View */,
				91F89A7323677DCE008A969A /* Controller */,
				91F89A7223677DB7008A969A /* Supporting File */,
				91F89A5E23677DAA008A969A /* Info.plist */,
			);
			path = CustomAlbumActions;
			sourceTree = "<group>";
		};
		91F89A6623677DAA008A969A /* CustomAlbumActionsTests */ = {
			isa = PBXGroup;
			children = (
				91F89A6723677DAA008A969A /* CustomAlbumActionsTests.swift */,
				91F89A6923677DAA008A969A /* Info.plist */,
			);
			path = CustomAlbumActionsTests;
			sourceTree = "<group>";
		};
		91F89A7223677DB7008A969A /* Supporting File */ = {
			isa = PBXGroup;
			children = (
				91F89A5923677DAA008A969A /* Assets.xcassets */,
				91F89A5223677DA7008A969A /* SceneDelegate.swift */,
				91F89A5023677DA7008A969A /* AppDelegate.swift */,
			);
			path = "Supporting File";
			sourceTree = "<group>";
		};
		91F89A7323677DCE008A969A /* Controller */ = {
			isa = PBXGroup;
			children = (
				91F89A7623677DFF008A969A /* HomeViewController.swift */,
				91F89A7823677E70008A969A /* CreatAlbumViewController.swift */,
				91F89A8023679509008A969A /* RemoveAlbumViewController.swift */,
				91F2937B2368309E00F90BA9 /* AddMediasViewController.swift */,
				91B3C23623688ABB00DBABB6 /* RemoveMediaViewController.swift */,
				91B3AC442369929F002EAF44 /* ModifieAlbumViewController.swift */,
			);
			path = Controller;
			sourceTree = "<group>";
		};
		91F89A7423677DD4008A969A /* View */ = {
			isa = PBXGroup;
			children = (
				91F89A5B23677DAA008A969A /* LaunchScreen.storyboard */,
				91F89A5623677DA7008A969A /* Main.storyboard */,
				91B3C23823688DD800DBABB6 /* MediaCollectionViewCell.swift */,
			);
			path = View;
			sourceTree = "<group>";
		};
		91F89A7523677DDB008A969A /* Model */ = {
			isa = PBXGroup;
			children = (
				91F293802368353400F90BA9 /* MediaManager */,
				91F2937F2368352900F90BA9 /* AlbumManager */,
				91F2937E2368351F00F90BA9 /* Extensions */,
				91F2937D2368351600F90BA9 /* Alerts */,
			);
			path = Model;
			sourceTree = "<group>";
		};
/* End PBXGroup section */

/* Begin PBXNativeTarget section */
		91F89A4C23677DA7008A969A /* CustomAlbumActions */ = {
			isa = PBXNativeTarget;
			buildConfigurationList = 91F89A6C23677DAA008A969A /* Build configuration list for PBXNativeTarget "CustomAlbumActions" */;
			buildPhases = (
				91F89A4923677DA7008A969A /* Sources */,
				91F89A4A23677DA7008A969A /* Frameworks */,
				91F89A4B23677DA7008A969A /* Resources */,
				91B3AC462369C5FF002EAF44 /* ShellScript */,
			);
			buildRules = (
			);
			dependencies = (
			);
			name = CustomAlbumActions;
			productName = CustomAlbumActions;
			productReference = 91F89A4D23677DA7008A969A /* CustomAlbumActions.app */;
			productType = "com.apple.product-type.application";
		};
		91F89A6223677DAA008A969A /* CustomAlbumActionsTests */ = {
			isa = PBXNativeTarget;
			buildConfigurationList = 91F89A6F23677DAA008A969A /* Build configuration list for PBXNativeTarget "CustomAlbumActionsTests" */;
			buildPhases = (
				91F89A5F23677DAA008A969A /* Sources */,
				91F89A6023677DAA008A969A /* Frameworks */,
				91F89A6123677DAA008A969A /* Resources */,
			);
			buildRules = (
			);
			dependencies = (
				91F89A6523677DAA008A969A /* PBXTargetDependency */,
			);
			name = CustomAlbumActionsTests;
			productName = CustomAlbumActionsTests;
			productReference = 91F89A6323677DAA008A969A /* CustomAlbumActionsTests.xctest */;
			productType = "com.apple.product-type.bundle.unit-test";
		};
/* End PBXNativeTarget section */

/* Begin PBXProject section */
		91F89A4523677DA7008A969A /* Project object */ = {
			isa = PBXProject;
			attributes = {
				LastSwiftUpdateCheck = 1110;
				LastUpgradeCheck = 1110;
				ORGANIZATIONNAME = "Lucas Lombard";
				TargetAttributes = {
					91F89A4C23677DA7008A969A = {
						CreatedOnToolsVersion = 11.1;
					};
					91F89A6223677DAA008A969A = {
						CreatedOnToolsVersion = 11.1;
						TestTargetID = 91F89A4C23677DA7008A969A;
					};
				};
			};
			buildConfigurationList = 91F89A4823677DA7008A969A /* Build configuration list for PBXProject "CustomAlbumActions" */;
			compatibilityVersion = "Xcode 9.3";
			developmentRegion = en;
			hasScannedForEncodings = 0;
			knownRegions = (
				en,
				Base,
			);
			mainGroup = 91F89A4423677DA7008A969A;
			productRefGroup = 91F89A4E23677DA7008A969A /* Products */;
			projectDirPath = "";
			projectRoot = "";
			targets = (
				91F89A4C23677DA7008A969A /* CustomAlbumActions */,
				91F89A6223677DAA008A969A /* CustomAlbumActionsTests */,
			);
		};
/* End PBXProject section */

/* Begin PBXResourcesBuildPhase section */
		91F89A4B23677DA7008A969A /* Resources */ = {
			isa = PBXResourcesBuildPhase;
			buildActionMask = 2147483647;
			files = (
				91F89A5D23677DAA008A969A /* LaunchScreen.storyboard in Resources */,
				91F89A5A23677DAA008A969A /* Assets.xcassets in Resources */,
				91F89A5823677DA7008A969A /* Main.storyboard in Resources */,
			);
			runOnlyForDeploymentPostprocessing = 0;
		};
		91F89A6123677DAA008A969A /* Resources */ = {
			isa = PBXResourcesBuildPhase;
			buildActionMask = 2147483647;
			files = (
			);
			runOnlyForDeploymentPostprocessing = 0;
		};
/* End PBXResourcesBuildPhase section */

/* Begin PBXShellScriptBuildPhase section */
		91B3AC462369C5FF002EAF44 /* ShellScript */ = {
			isa = PBXShellScriptBuildPhase;
			buildActionMask = 2147483647;
			files = (
			);
			inputFileListPaths = (
			);
			inputPaths = (
			);
			outputFileListPaths = (
			);
			outputPaths = (
			);
			runOnlyForDeploymentPostprocessing = 0;
			shellPath = /bin/sh;
			shellScript = "if which swiftlint >/dev/null; then\n  swiftlint\nelse\n  echo \"warning: SwiftLint not installed, download from https://github.com/realm/SwiftLint\"\nfi\n";
		};
/* End PBXShellScriptBuildPhase section */

/* Begin PBXSourcesBuildPhase section */
		91F89A4923677DA7008A969A /* Sources */ = {
			isa = PBXSourcesBuildPhase;
			buildActionMask = 2147483647;
			files = (
				91F89A8123679509008A969A /* RemoveAlbumViewController.swift in Sources */,
				91F89A7923677E70008A969A /* CreatAlbumViewController.swift in Sources */,
				91F89A7B2367808F008A969A /* AlertController.swift in Sources */,
				91F293822368354300F90BA9 /* MediaManage.swift in Sources */,
				91B3AC452369929F002EAF44 /* ModifieAlbumViewController.swift in Sources */,
				91F2937C2368309E00F90BA9 /* AddMediasViewController.swift in Sources */,
				91F89A5123677DA7008A969A /* AppDelegate.swift in Sources */,
				91F89A5323677DA7008A969A /* SceneDelegate.swift in Sources */,
				91B3C23923688DD800DBABB6 /* MediaCollectionViewCell.swift in Sources */,
				91B3C23723688ABB00DBABB6 /* RemoveMediaViewController.swift in Sources */,
				91F89A7723677DFF008A969A /* HomeViewController.swift in Sources */,
				91F89A7D236781C3008A969A /* AlbumManager.swift in Sources */,
				91F89A7F236787D1008A969A /* Extensions.swift in Sources */,
			);
			runOnlyForDeploymentPostprocessing = 0;
		};
		91F89A5F23677DAA008A969A /* Sources */ = {
			isa = PBXSourcesBuildPhase;
			buildActionMask = 2147483647;
			files = (
				91F89A6823677DAA008A969A /* CustomAlbumActionsTests.swift in Sources */,
			);
			runOnlyForDeploymentPostprocessing = 0;
		};
/* End PBXSourcesBuildPhase section */

/* Begin PBXTargetDependency section */
		91F89A6523677DAA008A969A /* PBXTargetDependency */ = {
			isa = PBXTargetDependency;
			target = 91F89A4C23677DA7008A969A /* CustomAlbumActions */;
			targetProxy = 91F89A6423677DAA008A969A /* PBXContainerItemProxy */;
		};
/* End PBXTargetDependency section */

/* Begin PBXVariantGroup section */
		91F89A5623677DA7008A969A /* Main.storyboard */ = {
			isa = PBXVariantGroup;
			children = (
				91F89A5723677DA7008A969A /* Base */,
			);
			name = Main.storyboard;
			sourceTree = "<group>";
		};
		91F89A5B23677DAA008A969A /* LaunchScreen.storyboard */ = {
			isa = PBXVariantGroup;
			children = (
				91F89A5C23677DAA008A969A /* Base */,
			);
			name = LaunchScreen.storyboard;
			sourceTree = "<group>";
		};
/* End PBXVariantGroup section */

/* Begin XCBuildConfiguration section */
		91F89A6A23677DAA008A969A /* Debug */ = {
			isa = XCBuildConfiguration;
			buildSettings = {
				ALWAYS_SEARCH_USER_PATHS = NO;
				CLANG_ANALYZER_NONNULL = YES;
				CLANG_ANALYZER_NUMBER_OBJECT_CONVERSION = YES_AGGRESSIVE;
				CLANG_CXX_LANGUAGE_STANDARD = "gnu++14";
				CLANG_CXX_LIBRARY = "libc++";
				CLANG_ENABLE_MODULES = YES;
				CLANG_ENABLE_OBJC_ARC = YES;
				CLANG_ENABLE_OBJC_WEAK = YES;
				CLANG_WARN_BLOCK_CAPTURE_AUTORELEASING = YES;
				CLANG_WARN_BOOL_CONVERSION = YES;
				CLANG_WARN_COMMA = YES;
				CLANG_WARN_CONSTANT_CONVERSION = YES;
				CLANG_WARN_DEPRECATED_OBJC_IMPLEMENTATIONS = YES;
				CLANG_WARN_DIRECT_OBJC_ISA_USAGE = YES_ERROR;
				CLANG_WARN_DOCUMENTATION_COMMENTS = YES;
				CLANG_WARN_EMPTY_BODY = YES;
				CLANG_WARN_ENUM_CONVERSION = YES;
				CLANG_WARN_INFINITE_RECURSION = YES;
				CLANG_WARN_INT_CONVERSION = YES;
				CLANG_WARN_NON_LITERAL_NULL_CONVERSION = YES;
				CLANG_WARN_OBJC_IMPLICIT_RETAIN_SELF = YES;
				CLANG_WARN_OBJC_LITERAL_CONVERSION = YES;
				CLANG_WARN_OBJC_ROOT_CLASS = YES_ERROR;
				CLANG_WARN_RANGE_LOOP_ANALYSIS = YES;
				CLANG_WARN_STRICT_PROTOTYPES = YES;
				CLANG_WARN_SUSPICIOUS_MOVE = YES;
				CLANG_WARN_UNGUARDED_AVAILABILITY = YES_AGGRESSIVE;
				CLANG_WARN_UNREACHABLE_CODE = YES;
				CLANG_WARN__DUPLICATE_METHOD_MATCH = YES;
				COPY_PHASE_STRIP = NO;
				DEBUG_INFORMATION_FORMAT = dwarf;
				ENABLE_STRICT_OBJC_MSGSEND = YES;
				ENABLE_TESTABILITY = YES;
				GCC_C_LANGUAGE_STANDARD = gnu11;
				GCC_DYNAMIC_NO_PIC = NO;
				GCC_NO_COMMON_BLOCKS = YES;
				GCC_OPTIMIZATION_LEVEL = 0;
				GCC_PREPROCESSOR_DEFINITIONS = (
					"DEBUG=1",
					"$(inherited)",
				);
				GCC_WARN_64_TO_32_BIT_CONVERSION = YES;
				GCC_WARN_ABOUT_RETURN_TYPE = YES_ERROR;
				GCC_WARN_UNDECLARED_SELECTOR = YES;
				GCC_WARN_UNINITIALIZED_AUTOS = YES_AGGRESSIVE;
				GCC_WARN_UNUSED_FUNCTION = YES;
				GCC_WARN_UNUSED_VARIABLE = YES;
				IPHONEOS_DEPLOYMENT_TARGET = 13.1;
				MTL_ENABLE_DEBUG_INFO = INCLUDE_SOURCE;
				MTL_FAST_MATH = YES;
				ONLY_ACTIVE_ARCH = YES;
				SDKROOT = iphoneos;
				SWIFT_ACTIVE_COMPILATION_CONDITIONS = DEBUG;
				SWIFT_OPTIMIZATION_LEVEL = "-Onone";
			};
			name = Debug;
		};
		91F89A6B23677DAA008A969A /* Release */ = {
			isa = XCBuildConfiguration;
			buildSettings = {
				ALWAYS_SEARCH_USER_PATHS = NO;
				CLANG_ANALYZER_NONNULL = YES;
				CLANG_ANALYZER_NUMBER_OBJECT_CONVERSION = YES_AGGRESSIVE;
				CLANG_CXX_LANGUAGE_STANDARD = "gnu++14";
				CLANG_CXX_LIBRARY = "libc++";
				CLANG_ENABLE_MODULES = YES;
				CLANG_ENABLE_OBJC_ARC = YES;
				CLANG_ENABLE_OBJC_WEAK = YES;
				CLANG_WARN_BLOCK_CAPTURE_AUTORELEASING = YES;
				CLANG_WARN_BOOL_CONVERSION = YES;
				CLANG_WARN_COMMA = YES;
				CLANG_WARN_CONSTANT_CONVERSION = YES;
				CLANG_WARN_DEPRECATED_OBJC_IMPLEMENTATIONS = YES;
				CLANG_WARN_DIRECT_OBJC_ISA_USAGE = YES_ERROR;
				CLANG_WARN_DOCUMENTATION_COMMENTS = YES;
				CLANG_WARN_EMPTY_BODY = YES;
				CLANG_WARN_ENUM_CONVERSION = YES;
				CLANG_WARN_INFINITE_RECURSION = YES;
				CLANG_WARN_INT_CONVERSION = YES;
				CLANG_WARN_NON_LITERAL_NULL_CONVERSION = YES;
				CLANG_WARN_OBJC_IMPLICIT_RETAIN_SELF = YES;
				CLANG_WARN_OBJC_LITERAL_CONVERSION = YES;
				CLANG_WARN_OBJC_ROOT_CLASS = YES_ERROR;
				CLANG_WARN_RANGE_LOOP_ANALYSIS = YES;
				CLANG_WARN_STRICT_PROTOTYPES = YES;
				CLANG_WARN_SUSPICIOUS_MOVE = YES;
				CLANG_WARN_UNGUARDED_AVAILABILITY = YES_AGGRESSIVE;
				CLANG_WARN_UNREACHABLE_CODE = YES;
				CLANG_WARN__DUPLICATE_METHOD_MATCH = YES;
				COPY_PHASE_STRIP = NO;
				DEBUG_INFORMATION_FORMAT = "dwarf-with-dsym";
				ENABLE_NS_ASSERTIONS = NO;
				ENABLE_STRICT_OBJC_MSGSEND = YES;
				GCC_C_LANGUAGE_STANDARD = gnu11;
				GCC_NO_COMMON_BLOCKS = YES;
				GCC_WARN_64_TO_32_BIT_CONVERSION = YES;
				GCC_WARN_ABOUT_RETURN_TYPE = YES_ERROR;
				GCC_WARN_UNDECLARED_SELECTOR = YES;
				GCC_WARN_UNINITIALIZED_AUTOS = YES_AGGRESSIVE;
				GCC_WARN_UNUSED_FUNCTION = YES;
				GCC_WARN_UNUSED_VARIABLE = YES;
				IPHONEOS_DEPLOYMENT_TARGET = 13.1;
				MTL_ENABLE_DEBUG_INFO = NO;
				MTL_FAST_MATH = YES;
				SDKROOT = iphoneos;
				SWIFT_COMPILATION_MODE = wholemodule;
				SWIFT_OPTIMIZATION_LEVEL = "-O";
				VALIDATE_PRODUCT = YES;
			};
			name = Release;
		};
		91F89A6D23677DAA008A969A /* Debug */ = {
			isa = XCBuildConfiguration;
			buildSettings = {
				ASSETCATALOG_COMPILER_APPICON_NAME = AppIcon;
				CODE_SIGN_STYLE = Automatic;
				DEVELOPMENT_TEAM = 8TDJL946XY;
				INFOPLIST_FILE = CustomAlbumActions/Info.plist;
				LD_RUNPATH_SEARCH_PATHS = (
					"$(inherited)",
					"@executable_path/Frameworks",
				);
				PRODUCT_BUNDLE_IDENTIFIER = fr.lucaslombard.CustomAlbumActions;
				PRODUCT_NAME = "$(TARGET_NAME)";
				SWIFT_VERSION = 5.0;
				TARGETED_DEVICE_FAMILY = 1;
			};
			name = Debug;
		};
		91F89A6E23677DAA008A969A /* Release */ = {
			isa = XCBuildConfiguration;
			buildSettings = {
				ASSETCATALOG_COMPILER_APPICON_NAME = AppIcon;
				CODE_SIGN_STYLE = Automatic;
				DEVELOPMENT_TEAM = 8TDJL946XY;
				INFOPLIST_FILE = CustomAlbumActions/Info.plist;
				LD_RUNPATH_SEARCH_PATHS = (
					"$(inherited)",
					"@executable_path/Frameworks",
				);
				PRODUCT_BUNDLE_IDENTIFIER = fr.lucaslombard.CustomAlbumActions;
				PRODUCT_NAME = "$(TARGET_NAME)";
				SWIFT_VERSION = 5.0;
				TARGETED_DEVICE_FAMILY = 1;
			};
			name = Release;
		};
		91F89A7023677DAA008A969A /* Debug */ = {
			isa = XCBuildConfiguration;
			buildSettings = {
				ALWAYS_EMBED_SWIFT_STANDARD_LIBRARIES = YES;
				BUNDLE_LOADER = "$(TEST_HOST)";
				CODE_SIGN_STYLE = Automatic;
				DEVELOPMENT_TEAM = 8TDJL946XY;
				INFOPLIST_FILE = CustomAlbumActionsTests/Info.plist;
				IPHONEOS_DEPLOYMENT_TARGET = 13.1;
				LD_RUNPATH_SEARCH_PATHS = (
					"$(inherited)",
					"@executable_path/Frameworks",
					"@loader_path/Frameworks",
				);
				PRODUCT_BUNDLE_IDENTIFIER = fr.lucaslombard.CustomAlbumActionsTests;
				PRODUCT_NAME = "$(TARGET_NAME)";
				SWIFT_VERSION = 5.0;
				TARGETED_DEVICE_FAMILY = "1,2";
				TEST_HOST = "$(BUILT_PRODUCTS_DIR)/CustomAlbumActions.app/CustomAlbumActions";
			};
			name = Debug;
		};
		91F89A7123677DAA008A969A /* Release */ = {
			isa = XCBuildConfiguration;
			buildSettings = {
				ALWAYS_EMBED_SWIFT_STANDARD_LIBRARIES = YES;
				BUNDLE_LOADER = "$(TEST_HOST)";
				CODE_SIGN_STYLE = Automatic;
				DEVELOPMENT_TEAM = 8TDJL946XY;
				INFOPLIST_FILE = CustomAlbumActionsTests/Info.plist;
				IPHONEOS_DEPLOYMENT_TARGET = 13.1;
				LD_RUNPATH_SEARCH_PATHS = (
					"$(inherited)",
					"@executable_path/Frameworks",
					"@loader_path/Frameworks",
				);
				PRODUCT_BUNDLE_IDENTIFIER = fr.lucaslombard.CustomAlbumActionsTests;
				PRODUCT_NAME = "$(TARGET_NAME)";
				SWIFT_VERSION = 5.0;
				TARGETED_DEVICE_FAMILY = "1,2";
				TEST_HOST = "$(BUILT_PRODUCTS_DIR)/CustomAlbumActions.app/CustomAlbumActions";
			};
			name = Release;
		};
/* End XCBuildConfiguration section */

/* Begin XCConfigurationList section */
		91F89A4823677DA7008A969A /* Build configuration list for PBXProject "CustomAlbumActions" */ = {
			isa = XCConfigurationList;
			buildConfigurations = (
				91F89A6A23677DAA008A969A /* Debug */,
				91F89A6B23677DAA008A969A /* Release */,
			);
			defaultConfigurationIsVisible = 0;
			defaultConfigurationName = Release;
		};
		91F89A6C23677DAA008A969A /* Build configuration list for PBXNativeTarget "CustomAlbumActions" */ = {
			isa = XCConfigurationList;
			buildConfigurations = (
				91F89A6D23677DAA008A969A /* Debug */,
				91F89A6E23677DAA008A969A /* Release */,
			);
			defaultConfigurationIsVisible = 0;
			defaultConfigurationName = Release;
		};
		91F89A6F23677DAA008A969A /* Build configuration list for PBXNativeTarget "CustomAlbumActionsTests" */ = {
			isa = XCConfigurationList;
			buildConfigurations = (
				91F89A7023677DAA008A969A /* Debug */,
				91F89A7123677DAA008A969A /* Release */,
			);
			defaultConfigurationIsVisible = 0;
			defaultConfigurationName = Release;
		};
/* End XCConfigurationList section */
	};
	rootObject = 91F89A4523677DA7008A969A /* Project object */;
}
